<?xml version="1.0" encoding="utf-8"?>
<Project ToolsVersion="4.0" xmlns="http://schemas.microsoft.com/developer/msbuild/2003">
  <ItemGroup>
    <Filter Include="Source Files">
      <UniqueIdentifier>{4FC737F1-C7A5-4376-A066-2A32D752A2FF}</UniqueIdentifier>
      <Extensions>cpp;c;cc;cxx;c++;cppm;ixx;def;odl;idl;hpj;bat;asm;asmx</Extensions>
    </Filter>
    <Filter Include="Header Files">
      <UniqueIdentifier>{93995380-89BD-4b04-88EB-625FBE52EBFB}</UniqueIdentifier>
      <Extensions>h;hh;hpp;hxx;h++;hm;inl;inc;ipp;xsd</Extensions>
    </Filter>
    <Filter Include="Resource Files">
      <UniqueIdentifier>{67DA6AB6-F800-4c08-8B7A-83BB121AAD01}</UniqueIdentifier>
      <Extensions>rc;ico;cur;bmp;dlg;rc2;rct;bin;rgs;gif;jpg;jpeg;jpe;resx;tiff;tif;png;wav;mfcribbon-ms</Extensions>
    </Filter>
  </ItemGroup>
  <ItemGroup>
    <ClInclude Include="jaguarcore\jaguarpch.h">
      <Filter>Header Files</Filter>
    </ClInclude>
    <ClInclude Include="jaguarcore\app\iapp.h">
      <Filter>Header Files</Filter>
    </ClInclude>
    <ClInclude Include="jaguarcore\system\isystem.h">
      <Filter>Header Files</Filter>
    </ClInclude>
    <ClInclude Include="jaguarcore\thread\threadpool.h">
      <Filter>Header Files</Filter>
    </ClInclude>
    <ClInclude Include="jaguarcore\math\matrix.h">
      <Filter>Header Files</Filter>
    </ClInclude>
    <ClInclude Include="jaguarcore\math\vector.h">
      <Filter>Header Files</Filter>
    </ClInclude>
    <ClInclude Include="jaguarcore\memory\memory.h">
      <Filter>Header Files</Filter>
    </ClInclude>
    <ClInclude Include="jaguarcore\gameobject\gameobject.h">
      <Filter>Header Files</Filter>
    </ClInclude>
    <ClInclude Include="jaguarcore\components\component.h">
      <Filter>Header Files</Filter>
    </ClInclude>
    <ClInclude Include="jaguarcore\transform\transform.h">
      <Filter>Header Files</Filter>
    </ClInclude>
    <ClInclude Include="jaguarcore\transform\transformcomponent.h">
      <Filter>Header Files</Filter>
    </ClInclude>
    <ClInclude Include="jaguarcore\input\iinput.h">
      <Filter>Header Files</Filter>
    </ClInclude>
    <ClInclude Include="jaguarcore\log\log.h">
      <Filter>Header Files</Filter>
    </ClInclude>
    <ClInclude Include="jaguarcore\math\interpolation.h">
      <Filter>Header Files</Filter>
    </ClInclude>
    <ClInclude Include="jaguarcore\math\math.h">
      <Filter>Header Files</Filter>
    </ClInclude>
    <ClInclude Include="jaguarcore\math\quaternion.h">
      <Filter>Header Files</Filter>
    </ClInclude>
    <ClInclude Include="jaguarcore\math\transform.h">
      <Filter>Header Files</Filter>
    </ClInclude>
    <ClInclude Include="jaguarcore\components\transformcomponent.h">
      <Filter>Header Files</Filter>
    </ClInclude>
    <ClInclude Include="jaguarcore\scene\iscene.h">
      <Filter>Header Files</Filter>
    </ClInclude>
    <ClInclude Include="jaguarcore\math\conversions.h">
      <Filter>Header Files</Filter>
    </ClInclude>
    <ClInclude Include="jaguarcore\jaguarexport.h">
      <Filter>Header Files</Filter>
    </ClInclude>
    <ClInclude Include="jaguarcore\filetypes\gltf\gltfloader.h">
      <Filter>Header Files</Filter>
    </ClInclude>
    <ClInclude Include="jaguarcore\components\componentcontainer.h">
      <Filter>Header Files</Filter>
    </ClInclude>
    <ClInclude Include="jaguarcore\math\camera.h">
      <Filter>Header Files</Filter>
    </ClInclude>
    <ClInclude Include="jaguarcore\thread\jobsystem.h">
      <Filter>Header Files</Filter>
    </ClInclude>
    <ClInclude Include="jaguarcore\thread\jobqueue.h">
      <Filter>Header Files</Filter>
    </ClInclude>
  </ItemGroup>
  <ItemGroup>
    <ClCompile Include="jaguarcore\dllmain.cpp">
      <Filter>Source Files</Filter>
    </ClCompile>
    <ClCompile Include="jaguarcore\jaguarpch.cpp">
      <Filter>Source Files</Filter>
    </ClCompile>
    <ClCompile Include="jaguarcore\log\log.cpp">
      <Filter>Source Files</Filter>
    </ClCompile>
    <ClCompile Include="jaguarcore\components\transformcomponent.cpp">
      <Filter>Source Files</Filter>
    </ClCompile>
    <ClCompile Include="jaguarcore\components\component.cpp">
      <Filter>Source Files</Filter>
    </ClCompile>
    <ClCompile Include="jaguarcore\gameobject\gameobject.cpp">
      <Filter>Source Files</Filter>
    </ClCompile>
    <ClCompile Include="jaguarcore\filetypes\gltf\gltfloader.cpp">
      <Filter>Source Files</Filter>
    </ClCompile>
    <ClCompile Include="jaguarcore\memory\memory.cpp">
      <Filter>Source Files</Filter>
    </ClCompile>
    <ClCompile Include="jaguarcore\thread\jobsystem.cpp">
      <Filter>Source Files</Filter>
    </ClCompile>
    <ClCompile Include="jaguarcore\thread\jobqueue.cpp">
      <Filter>Source Files</Filter>
    </ClCompile>
  </ItemGroup>
</Project>