
Microsoft Visual Studio Solution File, Format Version 12.00
# Visual Studio Version 16
VisualStudioVersion = 16.0.31911.196
MinimumVisualStudioVersion = 10.0.40219.1
Project("{8BC9CEB8-8B4A-11D0-8D11-00A0C91BC942}") = "TigerEngine", "src\TigerEngine\TigerEngine.vcxproj", "{A823FDDF-53F4-4CD6-BD70-DC25E9E263F8}"
	ProjectSection(ProjectDependencies) = postProject
		{75707901-1A2F-40F3-9C4B-A479E1C27104} = {75707901-1A2F-40F3-9C4B-A479E1C27104}
		{CDD54214-C2DB-4BC4-905D-20F11A40CDAB} = {CDD54214-C2DB-4BC4-905D-20F11A40CDAB}
		{4BAAAE49-88CB-473C-8EA9-18703DC2CEB8} = {4BAAAE49-88CB-473C-8EA9-18703DC2CEB8}
		{1DCB99BD-57A7-4962-9ECB-85BA9C8B7F83} = {1DCB99BD-57A7-4962-9ECB-85BA9C8B7F83}
		{69F6BDD8-0E44-4414-8217-09FF3C709387} = {69F6BDD8-0E44-4414-8217-09FF3C709387}
	EndProjectSection
EndProject
Project("{8BC9CEB8-8B4A-11D0-8D11-00A0C91BC942}") = "LeopardGraphics", "src\LeopardGraphics\LeopardGraphics.vcxproj", "{1DCB99BD-57A7-4962-9ECB-85BA9C8B7F83}"
	ProjectSection(ProjectDependencies) = postProject
		{CDD54214-C2DB-4BC4-905D-20F11A40CDAB} = {CDD54214-C2DB-4BC4-905D-20F11A40CDAB}
	EndProjectSection
EndProject
Project("{8BC9CEB8-8B4A-11D0-8D11-00A0C91BC942}") = "JaguarCore", "src\JaguarCore\JaguarCore.vcxproj", "{4BAAAE49-88CB-473C-8EA9-18703DC2CEB8}"
	ProjectSection(ProjectDependencies) = postProject
		{69F6BDD8-0E44-4414-8217-09FF3C709387} = {69F6BDD8-0E44-4414-8217-09FF3C709387}
	EndProjectSection
EndProject
Project("{8BC9CEB8-8B4A-11D0-8D11-00A0C91BC942}") = "LionAnimation", "src\LionAnimation\LionAnimation.vcxproj", "{CDD54214-C2DB-4BC4-905D-20F11A40CDAB}"
	ProjectSection(ProjectDependencies) = postProject
		{4BAAAE49-88CB-473C-8EA9-18703DC2CEB8} = {4BAAAE49-88CB-473C-8EA9-18703DC2CEB8}
		{69F6BDD8-0E44-4414-8217-09FF3C709387} = {69F6BDD8-0E44-4414-8217-09FF3C709387}
	EndProjectSection
EndProject
Project("{2150E333-8FDC-42A3-9474-1A3956D46DE8}") = "extern", "extern", "{8DBB1046-529F-45BD-9ED7-B830B065474E}"
EndProject
Project("{8BC9CEB8-8B4A-11D0-8D11-00A0C91BC942}") = "Submodules", "submodules\submodules.vcxproj", "{69F6BDD8-0E44-4414-8217-09FF3C709387}"
EndProject
Project("{8BC9CEB8-8B4A-11D0-8D11-00A0C91BC942}") = "WolfNetworking", "src\WolfNetworking\WolfNetworking.vcxproj", "{75707901-1A2F-40F3-9C4B-A479E1C27104}"
	ProjectSection(ProjectDependencies) = postProject
		{4BAAAE49-88CB-473C-8EA9-18703DC2CEB8} = {4BAAAE49-88CB-473C-8EA9-18703DC2CEB8}
		{69F6BDD8-0E44-4414-8217-09FF3C709387} = {69F6BDD8-0E44-4414-8217-09FF3C709387}
	EndProjectSection
EndProject
Global
	GlobalSection(SolutionConfigurationPlatforms) = preSolution
		Debug|x64 = Debug|x64
		Debug|x86 = Debug|x86
		Release|x64 = Release|x64
		Release|x86 = Release|x86
	EndGlobalSection
	GlobalSection(ProjectConfigurationPlatforms) = postSolution
		{A823FDDF-53F4-4CD6-BD70-DC25E9E263F8}.Debug|x64.ActiveCfg = Debug|x64
		{A823FDDF-53F4-4CD6-BD70-DC25E9E263F8}.Debug|x64.Build.0 = Debug|x64
		{A823FDDF-53F4-4CD6-BD70-DC25E9E263F8}.Debug|x86.ActiveCfg = Debug|Win32
		{A823FDDF-53F4-4CD6-BD70-DC25E9E263F8}.Debug|x86.Build.0 = Debug|Win32
		{A823FDDF-53F4-4CD6-BD70-DC25E9E263F8}.Release|x64.ActiveCfg = Release|x64
		{A823FDDF-53F4-4CD6-BD70-DC25E9E263F8}.Release|x64.Build.0 = Release|x64
		{A823FDDF-53F4-4CD6-BD70-DC25E9E263F8}.Release|x86.ActiveCfg = Release|Win32
		{A823FDDF-53F4-4CD6-BD70-DC25E9E263F8}.Release|x86.Build.0 = Release|Win32
		{1DCB99BD-57A7-4962-9ECB-85BA9C8B7F83}.Debug|x64.ActiveCfg = Debug|x64
		{1DCB99BD-57A7-4962-9ECB-85BA9C8B7F83}.Debug|x64.Build.0 = Debug|x64
		{1DCB99BD-57A7-4962-9ECB-85BA9C8B7F83}.Debug|x86.ActiveCfg = Debug|Win32
		{1DCB99BD-57A7-4962-9ECB-85BA9C8B7F83}.Debug|x86.Build.0 = Debug|Win32
		{1DCB99BD-57A7-4962-9ECB-85BA9C8B7F83}.Release|x64.ActiveCfg = Release|x64
		{1DCB99BD-57A7-4962-9ECB-85BA9C8B7F83}.Release|x64.Build.0 = Release|x64
		{1DCB99BD-57A7-4962-9ECB-85BA9C8B7F83}.Release|x86.ActiveCfg = Release|Win32
		{1DCB99BD-57A7-4962-9ECB-85BA9C8B7F83}.Release|x86.Build.0 = Release|Win32
		{4BAAAE49-88CB-473C-8EA9-18703DC2CEB8}.Debug|x64.ActiveCfg = Debug|x64
		{4BAAAE49-88CB-473C-8EA9-18703DC2CEB8}.Debug|x64.Build.0 = Debug|x64
		{4BAAAE49-88CB-473C-8EA9-18703DC2CEB8}.Debug|x86.ActiveCfg = Debug|Win32
		{4BAAAE49-88CB-473C-8EA9-18703DC2CEB8}.Debug|x86.Build.0 = Debug|Win32
		{4BAAAE49-88CB-473C-8EA9-18703DC2CEB8}.Release|x64.ActiveCfg = Release|x64
		{4BAAAE49-88CB-473C-8EA9-18703DC2CEB8}.Release|x64.Build.0 = Release|x64
		{4BAAAE49-88CB-473C-8EA9-18703DC2CEB8}.Release|x86.ActiveCfg = Release|Win32
		{4BAAAE49-88CB-473C-8EA9-18703DC2CEB8}.Release|x86.Build.0 = Release|Win32
		{CDD54214-C2DB-4BC4-905D-20F11A40CDAB}.Debug|x64.ActiveCfg = Debug|x64
		{CDD54214-C2DB-4BC4-905D-20F11A40CDAB}.Debug|x64.Build.0 = Debug|x64
		{CDD54214-C2DB-4BC4-905D-20F11A40CDAB}.Debug|x86.ActiveCfg = Debug|Win32
		{CDD54214-C2DB-4BC4-905D-20F11A40CDAB}.Debug|x86.Build.0 = Debug|Win32
		{CDD54214-C2DB-4BC4-905D-20F11A40CDAB}.Release|x64.ActiveCfg = Release|x64
		{CDD54214-C2DB-4BC4-905D-20F11A40CDAB}.Release|x64.Build.0 = Release|x64
		{CDD54214-C2DB-4BC4-905D-20F11A40CDAB}.Release|x86.ActiveCfg = Release|Win32
		{CDD54214-C2DB-4BC4-905D-20F11A40CDAB}.Release|x86.Build.0 = Release|Win32
		{69F6BDD8-0E44-4414-8217-09FF3C709387}.Debug|x64.ActiveCfg = Debug|x64
		{69F6BDD8-0E44-4414-8217-09FF3C709387}.Debug|x64.Build.0 = Debug|x64
		{69F6BDD8-0E44-4414-8217-09FF3C709387}.Debug|x86.ActiveCfg = Debug|Win32
		{69F6BDD8-0E44-4414-8217-09FF3C709387}.Debug|x86.Build.0 = Debug|Win32
		{69F6BDD8-0E44-4414-8217-09FF3C709387}.Release|x64.ActiveCfg = Release|x64
		{69F6BDD8-0E44-4414-8217-09FF3C709387}.Release|x64.Build.0 = Release|x64
		{69F6BDD8-0E44-4414-8217-09FF3C709387}.Release|x86.ActiveCfg = Release|Win32
		{69F6BDD8-0E44-4414-8217-09FF3C709387}.Release|x86.Build.0 = Release|Win32
		{75707901-1A2F-40F3-9C4B-A479E1C27104}.Debug|x64.ActiveCfg = Debug|x64
		{75707901-1A2F-40F3-9C4B-A479E1C27104}.Debug|x64.Build.0 = Debug|x64
		{75707901-1A2F-40F3-9C4B-A479E1C27104}.Debug|x86.ActiveCfg = Debug|Win32
		{75707901-1A2F-40F3-9C4B-A479E1C27104}.Debug|x86.Build.0 = Debug|Win32
		{75707901-1A2F-40F3-9C4B-A479E1C27104}.Release|x64.ActiveCfg = Release|x64
		{75707901-1A2F-40F3-9C4B-A479E1C27104}.Release|x64.Build.0 = Release|x64
		{75707901-1A2F-40F3-9C4B-A479E1C27104}.Release|x86.ActiveCfg = Release|Win32
		{75707901-1A2F-40F3-9C4B-A479E1C27104}.Release|x86.Build.0 = Release|Win32
	EndGlobalSection
	GlobalSection(SolutionProperties) = preSolution
		HideSolutionNode = FALSE
	EndGlobalSection
	GlobalSection(NestedProjects) = preSolution
		{69F6BDD8-0E44-4414-8217-09FF3C709387} = {8DBB1046-529F-45BD-9ED7-B830B065474E}
	EndGlobalSection
	GlobalSection(ExtensibilityGlobals) = postSolution
		SolutionGuid = {2EBA7EC6-65F9-4D92-9642-59CEC51017B0}
	EndGlobalSection
EndGlobal
