<?xml version="1.0" encoding="utf-8"?>
<Project ToolsVersion="4.0" xmlns="http://schemas.microsoft.com/developer/msbuild/2003">
  <ItemGroup>
    <Filter Include="Source Files">
      <UniqueIdentifier>{4FC737F1-C7A5-4376-A066-2A32D752A2FF}</UniqueIdentifier>
      <Extensions>cpp;c;cc;cxx;c++;cppm;ixx;def;odl;idl;hpj;bat;asm;asmx</Extensions>
    </Filter>
    <Filter Include="Header Files">
      <UniqueIdentifier>{93995380-89BD-4b04-88EB-625FBE52EBFB}</UniqueIdentifier>
      <Extensions>h;hh;hpp;hxx;h++;hm;inl;inc;ipp;xsd</Extensions>
    </Filter>
    <Filter Include="Resource Files">
      <UniqueIdentifier>{67DA6AB6-F800-4c08-8B7A-83BB121AAD01}</UniqueIdentifier>
      <Extensions>rc;ico;cur;bmp;dlg;rc2;rct;bin;rgs;gif;jpg;jpeg;jpe;resx;tiff;tif;png;wav;mfcribbon-ms</Extensions>
    </Filter>
  </ItemGroup>
  <ItemGroup>
    <ClCompile Include="tigerengine\main.cpp">
      <Filter>Source Files</Filter>
    </ClCompile>
    <ClCompile Include="tigerengine\app\windows\winapp.cpp">
      <Filter>Source Files</Filter>
    </ClCompile>
    <ClCompile Include="tigerengine\tigerpch.cpp">
      <Filter>Source Files</Filter>
    </ClCompile>
    <ClCompile Include="tigerengine\engine\engine.cpp">
      <Filter>Source Files</Filter>
    </ClCompile>
    <ClCompile Include="tigerengine\app\windows\winglcontext.cpp">
      <Filter>Source Files</Filter>
    </ClCompile>
    <ClCompile Include="tigerengine\scene\scene.cpp">
      <Filter>Source Files</Filter>
    </ClCompile>
    <ClCompile Include="tigerengine\gameobjectfactory\gameobjectfactory.cpp">
      <Filter>Source Files</Filter>
    </ClCompile>
    <ClCompile Include="tigerengine\app\windows\wininput.cpp">
      <Filter>Source Files</Filter>
    </ClCompile>
    <ClCompile Include="tigerengine\imgui\imguiwrapper.cpp">
      <Filter>Source Files</Filter>
    </ClCompile>
    <ClCompile Include="tigerengine\imgui\windows\winimguiwrapper.cpp">
      <Filter>Source Files</Filter>
    </ClCompile>
    <ClCompile Include="tigerengine\agents\agentcomponent.cpp">
      <Filter>Source Files</Filter>
    </ClCompile>
    <ClCompile Include="tigerengine\agents\agentmanager.cpp">
      <Filter>Source Files</Filter>
    </ClCompile>
    <ClCompile Include="tigerengine\gameplay\cameramovementcomponent.cpp">
      <Filter>Source Files</Filter>
    </ClCompile>
    <ClCompile Include="tigerengine\gamenetwork\gamenetworksystem.cpp">
      <Filter>Source Files</Filter>
    </ClCompile>
    <ClCompile Include="tigerengine\gamenetwork\gamenetmsg.cpp">
      <Filter>Source Files</Filter>
    </ClCompile>
    <ClCompile Include="tigerengine\gameplay\playeractorcomponent.cpp">
      <Filter>Source Files</Filter>
    </ClCompile>
    <ClCompile Include="tigerengine\gamenetwork\gamenetworkserver.cpp">
      <Filter>Source Files</Filter>
    </ClCompile>
  </ItemGroup>
  <ItemGroup>
    <ClInclude Include="tigerengine\app\windows\winapp.h">
      <Filter>Header Files</Filter>
    </ClInclude>
    <ClInclude Include="tigerengine\tigerpch.h">
      <Filter>Header Files</Filter>
    </ClInclude>
    <ClInclude Include="tigerengine\engine\engine.h">
      <Filter>Header Files</Filter>
    </ClInclude>
    <ClInclude Include="tigerengine\app\windows\winglcontext.h">
      <Filter>Header Files</Filter>
    </ClInclude>
    <ClInclude Include="tigerengine\scene\scene.h">
      <Filter>Header Files</Filter>
    </ClInclude>
    <ClInclude Include="tigerengine\gameobjectfactory\gameobjectfactory.h">
      <Filter>Header Files</Filter>
    </ClInclude>
    <ClInclude Include="tigerengine\app\windows\wininput.h">
      <Filter>Header Files</Filter>
    </ClInclude>
    <ClInclude Include="tigerengine\imgui\imguiwrapper.h">
      <Filter>Header Files</Filter>
    </ClInclude>
    <ClInclude Include="tigerengine\imgui\windows\winimguiwrapper.h">
      <Filter>Header Files</Filter>
    </ClInclude>
    <ClInclude Include="tigerengine\agents\agentcomponent.h">
      <Filter>Header Files</Filter>
    </ClInclude>
    <ClInclude Include="tigerengine\agents\agentmanager.h">
      <Filter>Header Files</Filter>
    </ClInclude>
    <ClInclude Include="tigerengine\gameplay\cameramovementcomponent.h">
      <Filter>Header Files</Filter>
    </ClInclude>
    <ClInclude Include="tigerengine\scene\iscenesystem.h">
      <Filter>Header Files</Filter>
    </ClInclude>
    <ClInclude Include="tigerengine\gamenetwork\gamenetworksystem.h">
      <Filter>Header Files</Filter>
    </ClInclude>
    <ClInclude Include="tigerengine\gamenetwork\gamenetmsg.h">
      <Filter>Header Files</Filter>
    </ClInclude>
    <ClInclude Include="tigerengine\gameplay\playeractorcomponent.h">
      <Filter>Header Files</Filter>
    </ClInclude>
    <ClInclude Include="tigerengine\gamenetwork\gamenetworkserver.h">
      <Filter>Header Files</Filter>
    </ClInclude>
    <ClInclude Include="tigerengine\gamenetwork\gamenetcomponent.h">
      <Filter>Header Files</Filter>
    </ClInclude>
  </ItemGroup>
</Project>