<?xml version="1.0" encoding="utf-8"?>
<Project ToolsVersion="4.0" xmlns="http://schemas.microsoft.com/developer/msbuild/2003">
  <ItemGroup>
    <Filter Include="Source Files">
      <UniqueIdentifier>{4FC737F1-C7A5-4376-A066-2A32D752A2FF}</UniqueIdentifier>
      <Extensions>cpp;c;cc;cxx;c++;cppm;ixx;def;odl;idl;hpj;bat;asm;asmx</Extensions>
    </Filter>
    <Filter Include="Header Files">
      <UniqueIdentifier>{93995380-89BD-4b04-88EB-625FBE52EBFB}</UniqueIdentifier>
      <Extensions>h;hh;hpp;hxx;h++;hm;inl;inc;ipp;xsd</Extensions>
    </Filter>
    <Filter Include="Resource Files">
      <UniqueIdentifier>{67DA6AB6-F800-4c08-8B7A-83BB121AAD01}</UniqueIdentifier>
      <Extensions>rc;ico;cur;bmp;dlg;rc2;rct;bin;rgs;gif;jpg;jpeg;jpe;resx;tiff;tif;png;wav;mfcribbon-ms</Extensions>
    </Filter>
  </ItemGroup>
  <ItemGroup>
    <ClInclude Include="leopardgraphics\leopardpch.h">
      <Filter>Header Files</Filter>
    </ClInclude>
    <ClInclude Include="leopardgraphics\graphics\glgraphics\glgraphicssystem.h">
      <Filter>Header Files</Filter>
    </ClInclude>
    <ClInclude Include="leopardgraphics\graphics\igraphicssystem.h">
      <Filter>Header Files</Filter>
    </ClInclude>
    <ClInclude Include="leopardgraphics\graphics\mockgraphics\mockgraphics.h">
      <Filter>Header Files</Filter>
    </ClInclude>
    <ClInclude Include="leopardgraphics\graphics\glgraphics\attribute.h">
      <Filter>Header Files</Filter>
    </ClInclude>
    <ClInclude Include="leopardgraphics\graphics\glgraphics\draw.h">
      <Filter>Header Files</Filter>
    </ClInclude>
    <ClInclude Include="leopardgraphics\graphics\glgraphics\elementbuffer.h">
      <Filter>Header Files</Filter>
    </ClInclude>
    <ClInclude Include="leopardgraphics\graphics\glgraphics\glgraphics.h">
      <Filter>Header Files</Filter>
    </ClInclude>
    <ClInclude Include="leopardgraphics\graphics\glgraphics\shader.h">
      <Filter>Header Files</Filter>
    </ClInclude>
    <ClInclude Include="leopardgraphics\graphics\glgraphics\texture.h">
      <Filter>Header Files</Filter>
    </ClInclude>
    <ClInclude Include="leopardgraphics\graphics\glgraphics\uniform.h">
      <Filter>Header Files</Filter>
    </ClInclude>
    <ClInclude Include="leopardgraphics\graphics\glgraphics\vertexarray.h">
      <Filter>Header Files</Filter>
    </ClInclude>
    <ClInclude Include="leopardgraphics\loader\gltfmeshloader.h">
      <Filter>Header Files</Filter>
    </ClInclude>
    <ClInclude Include="leopardgraphics\shapes\cube.h">
      <Filter>Header Files</Filter>
    </ClInclude>
    <ClInclude Include="leopardgraphics\shapes\shape.h">
      <Filter>Header Files</Filter>
    </ClInclude>
    <ClInclude Include="leopardgraphics\shapes\mesh.h">
      <Filter>Header Files</Filter>
    </ClInclude>
    <ClInclude Include="leopardgraphics\display\idisplay.h">
      <Filter>Header Files</Filter>
    </ClInclude>
    <ClInclude Include="leopardgraphics\component\cameracomponent.h">
      <Filter>Header Files</Filter>
    </ClInclude>
    <ClInclude Include="leopardgraphics\component\graphicscomponent.h">
      <Filter>Header Files</Filter>
    </ClInclude>
    <ClInclude Include="leopardgraphics\shapes\staticshape.h">
      <Filter>Header Files</Filter>
    </ClInclude>
  </ItemGroup>
  <ItemGroup>
    <ClCompile Include="leopardgraphics\dllmain.cpp">
      <Filter>Source Files</Filter>
    </ClCompile>
    <ClCompile Include="leopardgraphics\leopardpch.cpp">
      <Filter>Source Files</Filter>
    </ClCompile>
    <ClCompile Include="leopardgraphics\graphics\glgraphics\glgraphicssystem.cpp">
      <Filter>Source Files</Filter>
    </ClCompile>
    <ClCompile Include="leopardgraphics\graphics\mockgraphics\mockgraphics.cpp">
      <Filter>Source Files</Filter>
    </ClCompile>
    <ClCompile Include="leopardgraphics\graphics\glgraphics\attribute.cpp">
      <Filter>Source Files</Filter>
    </ClCompile>
    <ClCompile Include="leopardgraphics\graphics\glgraphics\draw.cpp">
      <Filter>Source Files</Filter>
    </ClCompile>
    <ClCompile Include="leopardgraphics\graphics\glgraphics\elementbuffer.cpp">
      <Filter>Source Files</Filter>
    </ClCompile>
    <ClCompile Include="leopardgraphics\graphics\glgraphics\shader.cpp">
      <Filter>Source Files</Filter>
    </ClCompile>
    <ClCompile Include="leopardgraphics\graphics\glgraphics\texture.cpp">
      <Filter>Source Files</Filter>
    </ClCompile>
    <ClCompile Include="leopardgraphics\graphics\glgraphics\uniform.cpp">
      <Filter>Source Files</Filter>
    </ClCompile>
    <ClCompile Include="leopardgraphics\graphics\glgraphics\vertexarray.cpp">
      <Filter>Source Files</Filter>
    </ClCompile>
    <ClCompile Include="leopardgraphics\loader\gltfmeshloader.cpp">
      <Filter>Source Files</Filter>
    </ClCompile>
    <ClCompile Include="leopardgraphics\shapes\cube.cpp">
      <Filter>Source Files</Filter>
    </ClCompile>
    <ClCompile Include="leopardgraphics\shapes\shape.cpp">
      <Filter>Source Files</Filter>
    </ClCompile>
    <ClCompile Include="leopardgraphics\shapes\mesh.cpp">
      <Filter>Source Files</Filter>
    </ClCompile>
    <ClCompile Include="leopardgraphics\component\cameracomponent.cpp">
      <Filter>Source Files</Filter>
    </ClCompile>
    <ClCompile Include="leopardgraphics\component\graphicscomponent.cpp">
      <Filter>Source Files</Filter>
    </ClCompile>
    <ClCompile Include="leopardgraphics\shapes\staticshape.cpp">
      <Filter>Source Files</Filter>
    </ClCompile>
  </ItemGroup>
</Project>